# THIS IS AN AUTOGENERATED FILE. DO NOT EDIT THIS FILE DIRECTLY.
# yarn lockfile v1


lazysizes@^5.2.1:
  version "5.2.1"
  resolved "https://registry.yarnpkg.com/lazysizes/-/lazysizes-5.2.1.tgz#f450e36a995efb5817acb8c904f3d2f2efc29ffa"
  integrity sha512-607dEMlbcnkny2lGYVqoA/rQO+WGpWh/BISeS1eLfT8nHQw6E+R8ybJoKKGVlZ2czKPTATrsU95f+nkwix0fXw==
